
Microsoft Visual Studio Solution File, Format Version 11.00
# Visual Studio 2010
Project("{FAE04EC0-301F-11D3-BF4B-00C04F79EFBC}") = "Assignment1_Server", "Assignment1_Server\Assignment1_Server.csproj", "{FE88C056-FF03-466D-9A41-FAA65C6BD278}"
EndProject
Global
	GlobalSection(SolutionConfigurationPlatforms) = preSolution
		Debug|x86 = Debug|x86
		Release|x86 = Release|x86
	EndGlobalSection
	GlobalSection(ProjectConfigurationPlatforms) = postSolution
		{FE88C056-FF03-466D-9A41-FAA65C6BD278}.Debug|x86.ActiveCfg = Debug|x86
		{FE88C056-FF03-466D-9A41-FAA65C6BD278}.Debug|x86.Build.0 = Debug|x86
		{FE88C056-FF03-466D-9A41-FAA65C6BD278}.Release|x86.ActiveCfg = Release|x86
		{FE88C056-FF03-466D-9A41-FAA65C6BD278}.Release|x86.Build.0 = Release|x86
	EndGlobalSection
	GlobalSection(SolutionProperties) = preSolution
		HideSolutionNode = FALSE
	EndGlobalSection
EndGlobal
